
Microsoft Visual Studio Solution File, Format Version 12.00
# Visual Studio Version 17
VisualStudioVersion = 17.7.34024.191
MinimumVisualStudioVersion = 10.0.40219.1
Project("{FAE04EC0-301F-11D3-BF4B-00C04F79EFBC}") = "ДЗ_18.11.2023", "ДЗ_18.11.2023\ДЗ_18.11.2023.csproj", "{5776124C-7207-465F-AC79-4A5C902A6536}"
EndProject
Global
	GlobalSection(SolutionConfigurationPlatforms) = preSolution
		Debug|Any CPU = Debug|Any CPU
		Release|Any CPU = Release|Any CPU
	EndGlobalSection
	GlobalSection(ProjectConfigurationPlatforms) = postSolution
		{5776124C-7207-465F-AC79-4A5C902A6536}.Debug|Any CPU.ActiveCfg = Debug|Any CPU
		{5776124C-7207-465F-AC79-4A5C902A6536}.Debug|Any CPU.Build.0 = Debug|Any CPU
		{5776124C-7207-465F-AC79-4A5C902A6536}.Release|Any CPU.ActiveCfg = Release|Any CPU
		{5776124C-7207-465F-AC79-4A5C902A6536}.Release|Any CPU.Build.0 = Release|Any CPU
	EndGlobalSection
	GlobalSection(SolutionProperties) = preSolution
		HideSolutionNode = FALSE
	EndGlobalSection
	GlobalSection(ExtensibilityGlobals) = postSolution
		SolutionGuid = {EFDBD35D-3C83-4E26-9695-49FEB5ABF70B}
	EndGlobalSection
EndGlobal
